
Microsoft Visual Studio Solution File, Format Version 12.00
# Visual Studio Version 17
VisualStudioVersion = 17.2.32616.157
MinimumVisualStudioVersion = 10.0.40219.1
Project("{FAE04EC0-301F-11D3-BF4B-00C04F79EFBC}") = "Curso_cs", "Curso_cs.csproj", "{60B601FF-9C43-4D6D-8B5D-F40FEE1170C9}"
EndProject
Global
	GlobalSection(SolutionConfigurationPlatforms) = preSolution
		Debug|Any CPU = Debug|Any CPU
		Release|Any CPU = Release|Any CPU
	EndGlobalSection
	GlobalSection(ProjectConfigurationPlatforms) = postSolution
		{60B601FF-9C43-4D6D-8B5D-F40FEE1170C9}.Debug|Any CPU.ActiveCfg = Debug|Any CPU
		{60B601FF-9C43-4D6D-8B5D-F40FEE1170C9}.Debug|Any CPU.Build.0 = Debug|Any CPU
		{60B601FF-9C43-4D6D-8B5D-F40FEE1170C9}.Release|Any CPU.ActiveCfg = Release|Any CPU
		{60B601FF-9C43-4D6D-8B5D-F40FEE1170C9}.Release|Any CPU.Build.0 = Release|Any CPU
	EndGlobalSection
	GlobalSection(SolutionProperties) = preSolution
		HideSolutionNode = FALSE
	EndGlobalSection
	GlobalSection(ExtensibilityGlobals) = postSolution
		SolutionGuid = {A3DF8DFA-45BF-49E7-8190-8342CC64365A}
	EndGlobalSection
EndGlobal
